
Microsoft Visual Studio Solution File, Format Version 12.00
# Visual Studio Version 17
VisualStudioVersion = 17.8.34330.188
MinimumVisualStudioVersion = 10.0.40219.1
Project("{FAE04EC0-301F-11D3-BF4B-00C04F79EFBC}") = "OrganizacnaStrukturaFirmy", "OrganizacnaStrukturaFirmy\OrganizacnaStrukturaFirmy.csproj", "{389B2D0D-D5C1-4CA8-A211-96714A298595}"
EndProject
Global
	GlobalSection(SolutionConfigurationPlatforms) = preSolution
		Debug|Any CPU = Debug|Any CPU
		Release|Any CPU = Release|Any CPU
	EndGlobalSection
	GlobalSection(ProjectConfigurationPlatforms) = postSolution
		{389B2D0D-D5C1-4CA8-A211-96714A298595}.Debug|Any CPU.ActiveCfg = Debug|Any CPU
		{389B2D0D-D5C1-4CA8-A211-96714A298595}.Debug|Any CPU.Build.0 = Debug|Any CPU
		{389B2D0D-D5C1-4CA8-A211-96714A298595}.Release|Any CPU.ActiveCfg = Release|Any CPU
		{389B2D0D-D5C1-4CA8-A211-96714A298595}.Release|Any CPU.Build.0 = Release|Any CPU
	EndGlobalSection
	GlobalSection(SolutionProperties) = preSolution
		HideSolutionNode = FALSE
	EndGlobalSection
	GlobalSection(ExtensibilityGlobals) = postSolution
		SolutionGuid = {302942FC-C9B8-4732-A06D-23142C33E63D}
	EndGlobalSection
EndGlobal
